// !$*UTF8*$!
{
	archiveVersion = 1;
	classes = {
	};
	objectVersion = 50;
	objects = {

/* Begin PBXBuildFile section */
		2BE3BF4F25DC066900A53407 /* AppDelegate.swift in Sources */ = {isa = PBXBuildFile; fileRef = 2BE3BF4E25DC066900A53407 /* AppDelegate.swift */; };
		2BE3BF5125DC066900A53407 /* SceneDelegate.swift in Sources */ = {isa = PBXBuildFile; fileRef = 2BE3BF5025DC066900A53407 /* SceneDelegate.swift */; };
		2BE3BF5325DC066900A53407 /* ViewController.swift in Sources */ = {isa = PBXBuildFile; fileRef = 2BE3BF5225DC066900A53407 /* ViewController.swift */; };
		2BE3BF5625DC066900A53407 /* Main.storyboard in Resources */ = {isa = PBXBuildFile; fileRef = 2BE3BF5425DC066900A53407 /* Main.storyboard */; };
		2BE3BF5925DC066900A53407 /* calculator.xcdatamodeld in Sources */ = {isa = PBXBuildFile; fileRef = 2BE3BF5725DC066900A53407 /* calculator.xcdatamodeld */; };
		2BE3BF5B25DC066B00A53407 /* Assets.xcassets in Resources */ = {isa = PBXBuildFile; fileRef = 2BE3BF5A25DC066B00A53407 /* Assets.xcassets */; };
		2BE3BF5E25DC066B00A53407 /* LaunchScreen.storyboard in Resources */ = {isa = PBXBuildFile; fileRef = 2BE3BF5C25DC066B00A53407 /* LaunchScreen.storyboard */; };
		2BE3BF6925DC066B00A53407 /* calculatorTests.swift in Sources */ = {isa = PBXBuildFile; fileRef = 2BE3BF6825DC066B00A53407 /* calculatorTests.swift */; };
		2BE3BF7425DC066C00A53407 /* calculatorUITests.swift in Sources */ = {isa = PBXBuildFile; fileRef = 2BE3BF7325DC066C00A53407 /* calculatorUITests.swift */; };
/* End PBXBuildFile section */

/* Begin PBXContainerItemProxy section */
		2BE3BF6525DC066B00A53407 /* PBXContainerItemProxy */ = {
			isa = PBXContainerItemProxy;
			containerPortal = 2BE3BF4325DC066900A53407 /* Project object */;
			proxyType = 1;
			remoteGlobalIDString = 2BE3BF4A25DC066900A53407;
			remoteInfo = calculator;
		};
		2BE3BF7025DC066C00A53407 /* PBXContainerItemProxy */ = {
			isa = PBXContainerItemProxy;
			containerPortal = 2BE3BF4325DC066900A53407 /* Project object */;
			proxyType = 1;
			remoteGlobalIDString = 2BE3BF4A25DC066900A53407;
			remoteInfo = calculator;
		};
/* End PBXContainerItemProxy section */

/* Begin PBXFileReference section */
		2BE3BF4B25DC066900A53407 /* calculator.app */ = {isa = PBXFileReference; explicitFileType = wrapper.application; includeInIndex = 0; path = calculator.app; sourceTree = BUILT_PRODUCTS_DIR; };
		2BE3BF4E25DC066900A53407 /* AppDelegate.swift */ = {isa = PBXFileReference; lastKnownFileType = sourcecode.swift; path = AppDelegate.swift; sourceTree = "<group>"; };
		2BE3BF5025DC066900A53407 /* SceneDelegate.swift */ = {isa = PBXFileReference; lastKnownFileType = sourcecode.swift; path = SceneDelegate.swift; sourceTree = "<group>"; };
		2BE3BF5225DC066900A53407 /* ViewController.swift */ = {isa = PBXFileReference; lastKnownFileType = sourcecode.swift; path = ViewController.swift; sourceTree = "<group>"; };
		2BE3BF5525DC066900A53407 /* Base */ = {isa = PBXFileReference; lastKnownFileType = file.storyboard; name = Base; path = Base.lproj/Main.storyboard; sourceTree = "<group>"; };
		2BE3BF5825DC066900A53407 /* calculator.xcdatamodel */ = {isa = PBXFileReference; lastKnownFileType = wrapper.xcdatamodel; path = calculator.xcdatamodel; sourceTree = "<group>"; };
		2BE3BF5A25DC066B00A53407 /* Assets.xcassets */ = {isa = PBXFileReference; lastKnownFileType = folder.assetcatalog; path = Assets.xcassets; sourceTree = "<group>"; };
		2BE3BF5D25DC066B00A53407 /* Base */ = {isa = PBXFileReference; lastKnownFileType = file.storyboard; name = Base; path = Base.lproj/LaunchScreen.storyboard; sourceTree = "<group>"; };
		2BE3BF5F25DC066B00A53407 /* Info.plist */ = {isa = PBXFileReference; lastKnownFileType = text.plist.xml; path = Info.plist; sourceTree = "<group>"; };
		2BE3BF6425DC066B00A53407 /* calculatorTests.xctest */ = {isa = PBXFileReference; explicitFileType = wrapper.cfbundle; includeInIndex = 0; path = calculatorTests.xctest; sourceTree = BUILT_PRODUCTS_DIR; };
		2BE3BF6825DC066B00A53407 /* calculatorTests.swift */ = {isa = PBXFileReference; lastKnownFileType = sourcecode.swift; path = calculatorTests.swift; sourceTree = "<group>"; };
		2BE3BF6A25DC066B00A53407 /* Info.plist */ = {isa = PBXFileReference; lastKnownFileType = text.plist.xml; path = Info.plist; sourceTree = "<group>"; };
		2BE3BF6F25DC066C00A53407 /* calculatorUITests.xctest */ = {isa = PBXFileReference; explicitFileType = wrapper.cfbundle; includeInIndex = 0; path = calculatorUITests.xctest; sourceTree = BUILT_PRODUCTS_DIR; };
		2BE3BF7325DC066C00A53407 /* calculatorUITests.swift */ = {isa = PBXFileReference; lastKnownFileType = sourcecode.swift; path = calculatorUITests.swift; sourceTree = "<group>"; };
		2BE3BF7525DC066C00A53407 /* Info.plist */ = {isa = PBXFileReference; lastKnownFileType = text.plist.xml; path = Info.plist; sourceTree = "<group>"; };
/* End PBXFileReference section */

/* Begin PBXFrameworksBuildPhase section */
		2BE3BF4825DC066900A53407 /* Frameworks */ = {
			isa = PBXFrameworksBuildPhase;
			buildActionMask = 2147483647;
			files = (
			);
			runOnlyForDeploymentPostprocessing = 0;
		};
		2BE3BF6125DC066B00A53407 /* Frameworks */ = {
			isa = PBXFrameworksBuildPhase;
			buildActionMask = 2147483647;
			files = (
			);
			runOnlyForDeploymentPostprocessing = 0;
		};
		2BE3BF6C25DC066C00A53407 /* Frameworks */ = {
			isa = PBXFrameworksBuildPhase;
			buildActionMask = 2147483647;
			files = (
			);
			runOnlyForDeploymentPostprocessing = 0;
		};
/* End PBXFrameworksBuildPhase section */

/* Begin PBXGroup section */
		2BE3BF4225DC066900A53407 = {
			isa = PBXGroup;
			children = (
				2BE3BF4D25DC066900A53407 /* calculator */,
				2BE3BF6725DC066B00A53407 /* calculatorTests */,
				2BE3BF7225DC066C00A53407 /* calculatorUITests */,
				2BE3BF4C25DC066900A53407 /* Products */,
			);
			sourceTree = "<group>";
		};
		2BE3BF4C25DC066900A53407 /* Products */ = {
			isa = PBXGroup;
			children = (
				2BE3BF4B25DC066900A53407 /* calculator.app */,
				2BE3BF6425DC066B00A53407 /* calculatorTests.xctest */,
				2BE3BF6F25DC066C00A53407 /* calculatorUITests.xctest */,
			);
			name = Products;
			sourceTree = "<group>";
		};
		2BE3BF4D25DC066900A53407 /* calculator */ = {
			isa = PBXGroup;
			children = (
				2BE3BF4E25DC066900A53407 /* AppDelegate.swift */,
				2BE3BF5025DC066900A53407 /* SceneDelegate.swift */,
				2BE3BF5225DC066900A53407 /* ViewController.swift */,
				2BE3BF5425DC066900A53407 /* Main.storyboard */,
				2BE3BF5A25DC066B00A53407 /* Assets.xcassets */,
				2BE3BF5C25DC066B00A53407 /* LaunchScreen.storyboard */,
				2BE3BF5F25DC066B00A53407 /* Info.plist */,
				2BE3BF5725DC066900A53407 /* calculator.xcdatamodeld */,
			);
			path = calculator;
			sourceTree = "<group>";
		};
		2BE3BF6725DC066B00A53407 /* calculatorTests */ = {
			isa = PBXGroup;
			children = (
				2BE3BF6825DC066B00A53407 /* calculatorTests.swift */,
				2BE3BF6A25DC066B00A53407 /* Info.plist */,
			);
			path = calculatorTests;
			sourceTree = "<group>";
		};
		2BE3BF7225DC066C00A53407 /* calculatorUITests */ = {
			isa = PBXGroup;
			children = (
				2BE3BF7325DC066C00A53407 /* calculatorUITests.swift */,
				2BE3BF7525DC066C00A53407 /* Info.plist */,
			);
			path = calculatorUITests;
			sourceTree = "<group>";
		};
/* End PBXGroup section */

/* Begin PBXNativeTarget section */
		2BE3BF4A25DC066900A53407 /* calculator */ = {
			isa = PBXNativeTarget;
			buildConfigurationList = 2BE3BF7825DC066C00A53407 /* Build configuration list for PBXNativeTarget "calculator" */;
			buildPhases = (
				2BE3BF4725DC066900A53407 /* Sources */,
				2BE3BF4825DC066900A53407 /* Frameworks */,
				2BE3BF4925DC066900A53407 /* Resources */,
			);
			buildRules = (
			);
			dependencies = (
			);
			name = calculator;
			productName = calculator;
			productReference = 2BE3BF4B25DC066900A53407 /* calculator.app */;
			productType = "com.apple.product-type.application";
		};
		2BE3BF6325DC066B00A53407 /* calculatorTests */ = {
			isa = PBXNativeTarget;
			buildConfigurationList = 2BE3BF7B25DC066C00A53407 /* Build configuration list for PBXNativeTarget "calculatorTests" */;
			buildPhases = (
				2BE3BF6025DC066B00A53407 /* Sources */,
				2BE3BF6125DC066B00A53407 /* Frameworks */,
				2BE3BF6225DC066B00A53407 /* Resources */,
			);
			buildRules = (
			);
			dependencies = (
				2BE3BF6625DC066B00A53407 /* PBXTargetDependency */,
			);
			name = calculatorTests;
			productName = calculatorTests;
			productReference = 2BE3BF6425DC066B00A53407 /* calculatorTests.xctest */;
			productType = "com.apple.product-type.bundle.unit-test";
		};
		2BE3BF6E25DC066C00A53407 /* calculatorUITests */ = {
			isa = PBXNativeTarget;
			buildConfigurationList = 2BE3BF7E25DC066C00A53407 /* Build configuration list for PBXNativeTarget "calculatorUITests" */;
			buildPhases = (
				2BE3BF6B25DC066C00A53407 /* Sources */,
				2BE3BF6C25DC066C00A53407 /* Frameworks */,
				2BE3BF6D25DC066C00A53407 /* Resources */,
			);
			buildRules = (
			);
			dependencies = (
				2BE3BF7125DC066C00A53407 /* PBXTargetDependency */,
			);
			name = calculatorUITests;
			productName = calculatorUITests;
			productReference = 2BE3BF6F25DC066C00A53407 /* calculatorUITests.xctest */;
			productType = "com.apple.product-type.bundle.ui-testing";
		};
/* End PBXNativeTarget section */

/* Begin PBXProject section */
		2BE3BF4325DC066900A53407 /* Project object */ = {
			isa = PBXProject;
			attributes = {
				LastSwiftUpdateCheck = 1240;
				LastUpgradeCheck = 1240;
				TargetAttributes = {
					2BE3BF4A25DC066900A53407 = {
						CreatedOnToolsVersion = 12.4;
					};
					2BE3BF6325DC066B00A53407 = {
						CreatedOnToolsVersion = 12.4;
						TestTargetID = 2BE3BF4A25DC066900A53407;
					};
					2BE3BF6E25DC066C00A53407 = {
						CreatedOnToolsVersion = 12.4;
						TestTargetID = 2BE3BF4A25DC066900A53407;
					};
				};
			};
			buildConfigurationList = 2BE3BF4625DC066900A53407 /* Build configuration list for PBXProject "calculator" */;
			compatibilityVersion = "Xcode 9.3";
			developmentRegion = en;
			hasScannedForEncodings = 0;
			knownRegions = (
				en,
				Base,
			);
			mainGroup = 2BE3BF4225DC066900A53407;
			productRefGroup = 2BE3BF4C25DC066900A53407 /* Products */;
			projectDirPath = "";
			projectRoot = "";
			targets = (
				2BE3BF4A25DC066900A53407 /* calculator */,
				2BE3BF6325DC066B00A53407 /* calculatorTests */,
				2BE3BF6E25DC066C00A53407 /* calculatorUITests */,
			);
		};
/* End PBXProject section */

/* Begin PBXResourcesBuildPhase section */
		2BE3BF4925DC066900A53407 /* Resources */ = {
			isa = PBXResourcesBuildPhase;
			buildActionMask = 2147483647;
			files = (
				2BE3BF5E25DC066B00A53407 /* LaunchScreen.storyboard in Resources */,
				2BE3BF5B25DC066B00A53407 /* Assets.xcassets in Resources */,
				2BE3BF5625DC066900A53407 /* Main.storyboard in Resources */,
			);
			runOnlyForDeploymentPostprocessing = 0;
		};
		2BE3BF6225DC066B00A53407 /* Resources */ = {
			isa = PBXResourcesBuildPhase;
			buildActionMask = 2147483647;
			files = (
			);
			runOnlyForDeploymentPostprocessing = 0;
		};
		2BE3BF6D25DC066C00A53407 /* Resources */ = {
			isa = PBXResourcesBuildPhase;
			buildActionMask = 2147483647;
			files = (
			);
			runOnlyForDeploymentPostprocessing = 0;
		};
/* End PBXResourcesBuildPhase section */

/* Begin PBXSourcesBuildPhase section */
		2BE3BF4725DC066900A53407 /* Sources */ = {
			isa = PBXSourcesBuildPhase;
			buildActionMask = 2147483647;
			files = (
				2BE3BF5325DC066900A53407 /* ViewController.swift in Sources */,
				2BE3BF5925DC066900A53407 /* calculator.xcdatamodeld in Sources */,
				2BE3BF4F25DC066900A53407 /* AppDelegate.swift in Sources */,
				2BE3BF5125DC066900A53407 /* SceneDelegate.swift in Sources */,
			);
			runOnlyForDeploymentPostprocessing = 0;
		};
		2BE3BF6025DC066B00A53407 /* Sources */ = {
			isa = PBXSourcesBuildPhase;
			buildActionMask = 2147483647;
			files = (
				2BE3BF6925DC066B00A53407 /* calculatorTests.swift in Sources */,
			);
			runOnlyForDeploymentPostprocessing = 0;
		};
		2BE3BF6B25DC066C00A53407 /* Sources */ = {
			isa = PBXSourcesBuildPhase;
			buildActionMask = 2147483647;
			files = (
				2BE3BF7425DC066C00A53407 /* calculatorUITests.swift in Sources */,
			);
			runOnlyForDeploymentPostprocessing = 0;
		};
/* End PBXSourcesBuildPhase section */

/* Begin PBXTargetDependency section */
		2BE3BF6625DC066B00A53407 /* PBXTargetDependency */ = {
			isa = PBXTargetDependency;
			target = 2BE3BF4A25DC066900A53407 /* calculator */;
			targetProxy = 2BE3BF6525DC066B00A53407 /* PBXContainerItemProxy */;
		};
		2BE3BF7125DC066C00A53407 /* PBXTargetDependency */ = {
			isa = PBXTargetDependency;
			target = 2BE3BF4A25DC066900A53407 /* calculator */;
			targetProxy = 2BE3BF7025DC066C00A53407 /* PBXContainerItemProxy */;
		};
/* End PBXTargetDependency section */

/* Begin PBXVariantGroup section */
		2BE3BF5425DC066900A53407 /* Main.storyboard */ = {
			isa = PBXVariantGroup;
			children = (
				2BE3BF5525DC066900A53407 /* Base */,
			);
			name = Main.storyboard;
			sourceTree = "<group>";
		};
		2BE3BF5C25DC066B00A53407 /* LaunchScreen.storyboard */ = {
			isa = PBXVariantGroup;
			children = (
				2BE3BF5D25DC066B00A53407 /* Base */,
			);
			name = LaunchScreen.storyboard;
			sourceTree = "<group>";
		};
/* End PBXVariantGroup section */

/* Begin XCBuildConfiguration section */
		2BE3BF7625DC066C00A53407 /* Debug */ = {
			isa = XCBuildConfiguration;
			buildSettings = {
				ALWAYS_SEARCH_USER_PATHS = NO;
				CLANG_ANALYZER_NONNULL = YES;
				CLANG_ANALYZER_NUMBER_OBJECT_CONVERSION = YES_AGGRESSIVE;
				CLANG_CXX_LANGUAGE_STANDARD = "gnu++14";
				CLANG_CXX_LIBRARY = "libc++";
				CLANG_ENABLE_MODULES = YES;
				CLANG_ENABLE_OBJC_ARC = YES;
				CLANG_ENABLE_OBJC_WEAK = YES;
				CLANG_WARN_BLOCK_CAPTURE_AUTORELEASING = YES;
				CLANG_WARN_BOOL_CONVERSION = YES;
				CLANG_WARN_COMMA = YES;
				CLANG_WARN_CONSTANT_CONVERSION = YES;
				CLANG_WARN_DEPRECATED_OBJC_IMPLEMENTATIONS = YES;
				CLANG_WARN_DIRECT_OBJC_ISA_USAGE = YES_ERROR;
				CLANG_WARN_DOCUMENTATION_COMMENTS = YES;
				CLANG_WARN_EMPTY_BODY = YES;
				CLANG_WARN_ENUM_CONVERSION = YES;
				CLANG_WARN_INFINITE_RECURSION = YES;
				CLANG_WARN_INT_CONVERSION = YES;
				CLANG_WARN_NON_LITERAL_NULL_CONVERSION = YES;
				CLANG_WARN_OBJC_IMPLICIT_RETAIN_SELF = YES;
				CLANG_WARN_OBJC_LITERAL_CONVERSION = YES;
				CLANG_WARN_OBJC_ROOT_CLASS = YES_ERROR;
				CLANG_WARN_QUOTED_INCLUDE_IN_FRAMEWORK_HEADER = YES;
				CLANG_WARN_RANGE_LOOP_ANALYSIS = YES;
				CLANG_WARN_STRICT_PROTOTYPES = YES;
				CLANG_WARN_SUSPICIOUS_MOVE = YES;
				CLANG_WARN_UNGUARDED_AVAILABILITY = YES_AGGRESSIVE;
				CLANG_WARN_UNREACHABLE_CODE = YES;
				CLANG_WARN__DUPLICATE_METHOD_MATCH = YES;
				COPY_PHASE_STRIP = NO;
				DEBUG_INFORMATION_FORMAT = dwarf;
				ENABLE_STRICT_OBJC_MSGSEND = YES;
				ENABLE_TESTABILITY = YES;
				GCC_C_LANGUAGE_STANDARD = gnu11;
				GCC_DYNAMIC_NO_PIC = NO;
				GCC_NO_COMMON_BLOCKS = YES;
				GCC_OPTIMIZATION_LEVEL = 0;
				GCC_PREPROCESSOR_DEFINITIONS = (
					"DEBUG=1",
					"$(inherited)",
				);
				GCC_WARN_64_TO_32_BIT_CONVERSION = YES;
				GCC_WARN_ABOUT_RETURN_TYPE = YES_ERROR;
				GCC_WARN_UNDECLARED_SELECTOR = YES;
				GCC_WARN_UNINITIALIZED_AUTOS = YES_AGGRESSIVE;
				GCC_WARN_UNUSED_FUNCTION = YES;
				GCC_WARN_UNUSED_VARIABLE = YES;
				IPHONEOS_DEPLOYMENT_TARGET = 14.4;
				MTL_ENABLE_DEBUG_INFO = INCLUDE_SOURCE;
				MTL_FAST_MATH = YES;
				ONLY_ACTIVE_ARCH = YES;
				SDKROOT = iphoneos;
				SWIFT_ACTIVE_COMPILATION_CONDITIONS = DEBUG;
				SWIFT_OPTIMIZATION_LEVEL = "-Onone";
			};
			name = Debug;
		};
		2BE3BF7725DC066C00A53407 /* Release */ = {
			isa = XCBuildConfiguration;
			buildSettings = {
				ALWAYS_SEARCH_USER_PATHS = NO;
				CLANG_ANALYZER_NONNULL = YES;
				CLANG_ANALYZER_NUMBER_OBJECT_CONVERSION = YES_AGGRESSIVE;
				CLANG_CXX_LANGUAGE_STANDARD = "gnu++14";
				CLANG_CXX_LIBRARY = "libc++";
				CLANG_ENABLE_MODULES = YES;
				CLANG_ENABLE_OBJC_ARC = YES;
				CLANG_ENABLE_OBJC_WEAK = YES;
				CLANG_WARN_BLOCK_CAPTURE_AUTORELEASING = YES;
				CLANG_WARN_BOOL_CONVERSION = YES;
				CLANG_WARN_COMMA = YES;
				CLANG_WARN_CONSTANT_CONVERSION = YES;
				CLANG_WARN_DEPRECATED_OBJC_IMPLEMENTATIONS = YES;
				CLANG_WARN_DIRECT_OBJC_ISA_USAGE = YES_ERROR;
				CLANG_WARN_DOCUMENTATION_COMMENTS = YES;
				CLANG_WARN_EMPTY_BODY = YES;
				CLANG_WARN_ENUM_CONVERSION = YES;
				CLANG_WARN_INFINITE_RECURSION = YES;
				CLANG_WARN_INT_CONVERSION = YES;
				CLANG_WARN_NON_LITERAL_NULL_CONVERSION = YES;
				CLANG_WARN_OBJC_IMPLICIT_RETAIN_SELF = YES;
				CLANG_WARN_OBJC_LITERAL_CONVERSION = YES;
				CLANG_WARN_OBJC_ROOT_CLASS = YES_ERROR;
				CLANG_WARN_QUOTED_INCLUDE_IN_FRAMEWORK_HEADER = YES;
				CLANG_WARN_RANGE_LOOP_ANALYSIS = YES;
				CLANG_WARN_STRICT_PROTOTYPES = YES;
				CLANG_WARN_SUSPICIOUS_MOVE = YES;
				CLANG_WARN_UNGUARDED_AVAILABILITY = YES_AGGRESSIVE;
				CLANG_WARN_UNREACHABLE_CODE = YES;
				CLANG_WARN__DUPLICATE_METHOD_MATCH = YES;
				COPY_PHASE_STRIP = NO;
				DEBUG_INFORMATION_FORMAT = "dwarf-with-dsym";
				ENABLE_NS_ASSERTIONS = NO;
				ENABLE_STRICT_OBJC_MSGSEND = YES;
				GCC_C_LANGUAGE_STANDARD = gnu11;
				GCC_NO_COMMON_BLOCKS = YES;
				GCC_WARN_64_TO_32_BIT_CONVERSION = YES;
				GCC_WARN_ABOUT_RETURN_TYPE = YES_ERROR;
				GCC_WARN_UNDECLARED_SELECTOR = YES;
				GCC_WARN_UNINITIALIZED_AUTOS = YES_AGGRESSIVE;
				GCC_WARN_UNUSED_FUNCTION = YES;
				GCC_WARN_UNUSED_VARIABLE = YES;
				IPHONEOS_DEPLOYMENT_TARGET = 14.4;
				MTL_ENABLE_DEBUG_INFO = NO;
				MTL_FAST_MATH = YES;
				SDKROOT = iphoneos;
				SWIFT_COMPILATION_MODE = wholemodule;
				SWIFT_OPTIMIZATION_LEVEL = "-O";
				VALIDATE_PRODUCT = YES;
			};
			name = Release;
		};
		2BE3BF7925DC066C00A53407 /* Debug */ = {
			isa = XCBuildConfiguration;
			buildSettings = {
				ASSETCATALOG_COMPILER_APPICON_NAME = AppIcon;
				ASSETCATALOG_COMPILER_GLOBAL_ACCENT_COLOR_NAME = AccentColor;
				CODE_SIGN_STYLE = Automatic;
				DEVELOPMENT_TEAM = PTMH37ZRSY;
				INFOPLIST_FILE = calculator/Info.plist;
				LD_RUNPATH_SEARCH_PATHS = (
					"$(inherited)",
					"@executable_path/Frameworks",
				);
				PRODUCT_BUNDLE_IDENTIFIER = local.calculator;
				PRODUCT_NAME = "$(TARGET_NAME)";
				SWIFT_VERSION = 5.0;
				TARGETED_DEVICE_FAMILY = "1,2";
			};
			name = Debug;
		};
		2BE3BF7A25DC066C00A53407 /* Release */ = {
			isa = XCBuildConfiguration;
			buildSettings = {
				ASSETCATALOG_COMPILER_APPICON_NAME = AppIcon;
				ASSETCATALOG_COMPILER_GLOBAL_ACCENT_COLOR_NAME = AccentColor;
				CODE_SIGN_STYLE = Automatic;
				DEVELOPMENT_TEAM = PTMH37ZRSY;
				INFOPLIST_FILE = calculator/Info.plist;
				LD_RUNPATH_SEARCH_PATHS = (
					"$(inherited)",
					"@executable_path/Frameworks",
				);
				PRODUCT_BUNDLE_IDENTIFIER = local.calculator;
				PRODUCT_NAME = "$(TARGET_NAME)";
				SWIFT_VERSION = 5.0;
				TARGETED_DEVICE_FAMILY = "1,2";
			};
			name = Release;
		};
		2BE3BF7C25DC066C00A53407 /* Debug */ = {
			isa = XCBuildConfiguration;
			buildSettings = {
				ALWAYS_EMBED_SWIFT_STANDARD_LIBRARIES = YES;
				BUNDLE_LOADER = "$(TEST_HOST)";
				CODE_SIGN_STYLE = Automatic;
				DEVELOPMENT_TEAM = PTMH37ZRSY;
				INFOPLIST_FILE = calculatorTests/Info.plist;
				IPHONEOS_DEPLOYMENT_TARGET = 14.4;
				LD_RUNPATH_SEARCH_PATHS = (
					"$(inherited)",
					"@executable_path/Frameworks",
					"@loader_path/Frameworks",
				);
				PRODUCT_BUNDLE_IDENTIFIER = local.calculatorTests;
				PRODUCT_NAME = "$(TARGET_NAME)";
				SWIFT_VERSION = 5.0;
				TARGETED_DEVICE_FAMILY = "1,2";
				TEST_HOST = "$(BUILT_PRODUCTS_DIR)/calculator.app/calculator";
			};
			name = Debug;
		};
		2BE3BF7D25DC066C00A53407 /* Release */ = {
			isa = XCBuildConfiguration;
			buildSettings = {
				ALWAYS_EMBED_SWIFT_STANDARD_LIBRARIES = YES;
				BUNDLE_LOADER = "$(TEST_HOST)";
				CODE_SIGN_STYLE = Automatic;
				DEVELOPMENT_TEAM = PTMH37ZRSY;
				INFOPLIST_FILE = calculatorTests/Info.plist;
				IPHONEOS_DEPLOYMENT_TARGET = 14.4;
				LD_RUNPATH_SEARCH_PATHS = (
					"$(inherited)",
					"@executable_path/Frameworks",
					"@loader_path/Frameworks",
				);
				PRODUCT_BUNDLE_IDENTIFIER = local.calculatorTests;
				PRODUCT_NAME = "$(TARGET_NAME)";
				SWIFT_VERSION = 5.0;
				TARGETED_DEVICE_FAMILY = "1,2";
				TEST_HOST = "$(BUILT_PRODUCTS_DIR)/calculator.app/calculator";
			};
			name = Release;
		};
		2BE3BF7F25DC066C00A53407 /* Debug */ = {
			isa = XCBuildConfiguration;
			buildSettings = {
				ALWAYS_EMBED_SWIFT_STANDARD_LIBRARIES = YES;
				CODE_SIGN_STYLE = Automatic;
				DEVELOPMENT_TEAM = PTMH37ZRSY;
				INFOPLIST_FILE = calculatorUITests/Info.plist;
				LD_RUNPATH_SEARCH_PATHS = (
					"$(inherited)",
					"@executable_path/Frameworks",
					"@loader_path/Frameworks",
				);
				PRODUCT_BUNDLE_IDENTIFIER = local.calculatorUITests;
				PRODUCT_NAME = "$(TARGET_NAME)";
				SWIFT_VERSION = 5.0;
				TARGETED_DEVICE_FAMILY = "1,2";
				TEST_TARGET_NAME = calculator;
			};
			name = Debug;
		};
		2BE3BF8025DC066C00A53407 /* Release */ = {
			isa = XCBuildConfiguration;
			buildSettings = {
				ALWAYS_EMBED_SWIFT_STANDARD_LIBRARIES = YES;
				CODE_SIGN_STYLE = Automatic;
				DEVELOPMENT_TEAM = PTMH37ZRSY;
				INFOPLIST_FILE = calculatorUITests/Info.plist;
				LD_RUNPATH_SEARCH_PATHS = (
					"$(inherited)",
					"@executable_path/Frameworks",
					"@loader_path/Frameworks",
				);
				PRODUCT_BUNDLE_IDENTIFIER = local.calculatorUITests;
				PRODUCT_NAME = "$(TARGET_NAME)";
				SWIFT_VERSION = 5.0;
				TARGETED_DEVICE_FAMILY = "1,2";
				TEST_TARGET_NAME = calculator;
			};
			name = Release;
		};
/* End XCBuildConfiguration section */

/* Begin XCConfigurationList section */
		2BE3BF4625DC066900A53407 /* Build configuration list for PBXProject "calculator" */ = {
			isa = XCConfigurationList;
			buildConfigurations = (
				2BE3BF7625DC066C00A53407 /* Debug */,
				2BE3BF7725DC066C00A53407 /* Release */,
			);
			defaultConfigurationIsVisible = 0;
			defaultConfigurationName = Release;
		};
		2BE3BF7825DC066C00A53407 /* Build configuration list for PBXNativeTarget "calculator" */ = {
			isa = XCConfigurationList;
			buildConfigurations = (
				2BE3BF7925DC066C00A53407 /* Debug */,
				2BE3BF7A25DC066C00A53407 /* Release */,
			);
			defaultConfigurationIsVisible = 0;
			defaultConfigurationName = Release;
		};
		2BE3BF7B25DC066C00A53407 /* Build configuration list for PBXNativeTarget "calculatorTests" */ = {
			isa = XCConfigurationList;
			buildConfigurations = (
				2BE3BF7C25DC066C00A53407 /* Debug */,
				2BE3BF7D25DC066C00A53407 /* Release */,
			);
			defaultConfigurationIsVisible = 0;
			defaultConfigurationName = Release;
		};
		2BE3BF7E25DC066C00A53407 /* Build configuration list for PBXNativeTarget "calculatorUITests" */ = {
			isa = XCConfigurationList;
			buildConfigurations = (
				2BE3BF7F25DC066C00A53407 /* Debug */,
				2BE3BF8025DC066C00A53407 /* Release */,
			);
			defaultConfigurationIsVisible = 0;
			defaultConfigurationName = Release;
		};
/* End XCConfigurationList section */

/* Begin XCVersionGroup section */
		2BE3BF5725DC066900A53407 /* calculator.xcdatamodeld */ = {
			isa = XCVersionGroup;
			children = (
				2BE3BF5825DC066900A53407 /* calculator.xcdatamodel */,
			);
			currentVersion = 2BE3BF5825DC066900A53407 /* calculator.xcdatamodel */;
			path = calculator.xcdatamodeld;
			sourceTree = "<group>";
			versionGroupType = wrapper.xcdatamodel;
		};
/* End XCVersionGroup section */
	};
	rootObject = 2BE3BF4325DC066900A53407 /* Project object */;
}
