// !$*UTF8*$!
{
	archiveVersion = 1;
	classes = {
	};
	objectVersion = 50;
	objects = {

/* Begin PBXBuildFile section */
		2B46DFCD260663DB004627B3 /* AppDelegate.swift in Sources */ = {isa = PBXBuildFile; fileRef = 2B46DFCC260663DB004627B3 /* AppDelegate.swift */; };
		2B46DFCF260663DB004627B3 /* SceneDelegate.swift in Sources */ = {isa = PBXBuildFile; fileRef = 2B46DFCE260663DB004627B3 /* SceneDelegate.swift */; };
		2B46DFD1260663DB004627B3 /* ViewController.swift in Sources */ = {isa = PBXBuildFile; fileRef = 2B46DFD0260663DB004627B3 /* ViewController.swift */; };
		2B46DFD4260663DB004627B3 /* Main.storyboard in Resources */ = {isa = PBXBuildFile; fileRef = 2B46DFD2260663DB004627B3 /* Main.storyboard */; };
		2B46DFD7260663DB004627B3 /* MyToDo.xcdatamodeld in Sources */ = {isa = PBXBuildFile; fileRef = 2B46DFD5260663DB004627B3 /* MyToDo.xcdatamodeld */; };
		2B46DFD9260663DE004627B3 /* Assets.xcassets in Resources */ = {isa = PBXBuildFile; fileRef = 2B46DFD8260663DE004627B3 /* Assets.xcassets */; };
		2B46DFDC260663DE004627B3 /* LaunchScreen.storyboard in Resources */ = {isa = PBXBuildFile; fileRef = 2B46DFDA260663DE004627B3 /* LaunchScreen.storyboard */; };
		2B46DFE7260663DF004627B3 /* MyToDoTests.swift in Sources */ = {isa = PBXBuildFile; fileRef = 2B46DFE6260663DF004627B3 /* MyToDoTests.swift */; };
		2B46DFF2260663DF004627B3 /* MyToDoUITests.swift in Sources */ = {isa = PBXBuildFile; fileRef = 2B46DFF1260663DF004627B3 /* MyToDoUITests.swift */; };
/* End PBXBuildFile section */

/* Begin PBXContainerItemProxy section */
		2B46DFE3260663DF004627B3 /* PBXContainerItemProxy */ = {
			isa = PBXContainerItemProxy;
			containerPortal = 2B46DFC1260663DB004627B3 /* Project object */;
			proxyType = 1;
			remoteGlobalIDString = 2B46DFC8260663DB004627B3;
			remoteInfo = MyToDo;
		};
		2B46DFEE260663DF004627B3 /* PBXContainerItemProxy */ = {
			isa = PBXContainerItemProxy;
			containerPortal = 2B46DFC1260663DB004627B3 /* Project object */;
			proxyType = 1;
			remoteGlobalIDString = 2B46DFC8260663DB004627B3;
			remoteInfo = MyToDo;
		};
/* End PBXContainerItemProxy section */

/* Begin PBXFileReference section */
		2B46DFC9260663DB004627B3 /* MyToDo.app */ = {isa = PBXFileReference; explicitFileType = wrapper.application; includeInIndex = 0; path = MyToDo.app; sourceTree = BUILT_PRODUCTS_DIR; };
		2B46DFCC260663DB004627B3 /* AppDelegate.swift */ = {isa = PBXFileReference; lastKnownFileType = sourcecode.swift; path = AppDelegate.swift; sourceTree = "<group>"; };
		2B46DFCE260663DB004627B3 /* SceneDelegate.swift */ = {isa = PBXFileReference; lastKnownFileType = sourcecode.swift; path = SceneDelegate.swift; sourceTree = "<group>"; };
		2B46DFD0260663DB004627B3 /* ViewController.swift */ = {isa = PBXFileReference; lastKnownFileType = sourcecode.swift; path = ViewController.swift; sourceTree = "<group>"; };
		2B46DFD3260663DB004627B3 /* Base */ = {isa = PBXFileReference; lastKnownFileType = file.storyboard; name = Base; path = Base.lproj/Main.storyboard; sourceTree = "<group>"; };
		2B46DFD6260663DB004627B3 /* MyToDo.xcdatamodel */ = {isa = PBXFileReference; lastKnownFileType = wrapper.xcdatamodel; path = MyToDo.xcdatamodel; sourceTree = "<group>"; };
		2B46DFD8260663DE004627B3 /* Assets.xcassets */ = {isa = PBXFileReference; lastKnownFileType = folder.assetcatalog; path = Assets.xcassets; sourceTree = "<group>"; };
		2B46DFDB260663DE004627B3 /* Base */ = {isa = PBXFileReference; lastKnownFileType = file.storyboard; name = Base; path = Base.lproj/LaunchScreen.storyboard; sourceTree = "<group>"; };
		2B46DFDD260663DE004627B3 /* Info.plist */ = {isa = PBXFileReference; lastKnownFileType = text.plist.xml; path = Info.plist; sourceTree = "<group>"; };
		2B46DFE2260663DF004627B3 /* MyToDoTests.xctest */ = {isa = PBXFileReference; explicitFileType = wrapper.cfbundle; includeInIndex = 0; path = MyToDoTests.xctest; sourceTree = BUILT_PRODUCTS_DIR; };
		2B46DFE6260663DF004627B3 /* MyToDoTests.swift */ = {isa = PBXFileReference; lastKnownFileType = sourcecode.swift; path = MyToDoTests.swift; sourceTree = "<group>"; };
		2B46DFE8260663DF004627B3 /* Info.plist */ = {isa = PBXFileReference; lastKnownFileType = text.plist.xml; path = Info.plist; sourceTree = "<group>"; };
		2B46DFED260663DF004627B3 /* MyToDoUITests.xctest */ = {isa = PBXFileReference; explicitFileType = wrapper.cfbundle; includeInIndex = 0; path = MyToDoUITests.xctest; sourceTree = BUILT_PRODUCTS_DIR; };
		2B46DFF1260663DF004627B3 /* MyToDoUITests.swift */ = {isa = PBXFileReference; lastKnownFileType = sourcecode.swift; path = MyToDoUITests.swift; sourceTree = "<group>"; };
		2B46DFF3260663DF004627B3 /* Info.plist */ = {isa = PBXFileReference; lastKnownFileType = text.plist.xml; path = Info.plist; sourceTree = "<group>"; };
/* End PBXFileReference section */

/* Begin PBXFrameworksBuildPhase section */
		2B46DFC6260663DB004627B3 /* Frameworks */ = {
			isa = PBXFrameworksBuildPhase;
			buildActionMask = 2147483647;
			files = (
			);
			runOnlyForDeploymentPostprocessing = 0;
		};
		2B46DFDF260663DF004627B3 /* Frameworks */ = {
			isa = PBXFrameworksBuildPhase;
			buildActionMask = 2147483647;
			files = (
			);
			runOnlyForDeploymentPostprocessing = 0;
		};
		2B46DFEA260663DF004627B3 /* Frameworks */ = {
			isa = PBXFrameworksBuildPhase;
			buildActionMask = 2147483647;
			files = (
			);
			runOnlyForDeploymentPostprocessing = 0;
		};
/* End PBXFrameworksBuildPhase section */

/* Begin PBXGroup section */
		2B46DFC0260663DB004627B3 = {
			isa = PBXGroup;
			children = (
				2B46DFCB260663DB004627B3 /* MyToDo */,
				2B46DFE5260663DF004627B3 /* MyToDoTests */,
				2B46DFF0260663DF004627B3 /* MyToDoUITests */,
				2B46DFCA260663DB004627B3 /* Products */,
			);
			sourceTree = "<group>";
		};
		2B46DFCA260663DB004627B3 /* Products */ = {
			isa = PBXGroup;
			children = (
				2B46DFC9260663DB004627B3 /* MyToDo.app */,
				2B46DFE2260663DF004627B3 /* MyToDoTests.xctest */,
				2B46DFED260663DF004627B3 /* MyToDoUITests.xctest */,
			);
			name = Products;
			sourceTree = "<group>";
		};
		2B46DFCB260663DB004627B3 /* MyToDo */ = {
			isa = PBXGroup;
			children = (
				2B46DFCC260663DB004627B3 /* AppDelegate.swift */,
				2B46DFCE260663DB004627B3 /* SceneDelegate.swift */,
				2B46DFD0260663DB004627B3 /* ViewController.swift */,
				2B46DFD2260663DB004627B3 /* Main.storyboard */,
				2B46DFD8260663DE004627B3 /* Assets.xcassets */,
				2B46DFDA260663DE004627B3 /* LaunchScreen.storyboard */,
				2B46DFDD260663DE004627B3 /* Info.plist */,
				2B46DFD5260663DB004627B3 /* MyToDo.xcdatamodeld */,
			);
			path = MyToDo;
			sourceTree = "<group>";
		};
		2B46DFE5260663DF004627B3 /* MyToDoTests */ = {
			isa = PBXGroup;
			children = (
				2B46DFE6260663DF004627B3 /* MyToDoTests.swift */,
				2B46DFE8260663DF004627B3 /* Info.plist */,
			);
			path = MyToDoTests;
			sourceTree = "<group>";
		};
		2B46DFF0260663DF004627B3 /* MyToDoUITests */ = {
			isa = PBXGroup;
			children = (
				2B46DFF1260663DF004627B3 /* MyToDoUITests.swift */,
				2B46DFF3260663DF004627B3 /* Info.plist */,
			);
			path = MyToDoUITests;
			sourceTree = "<group>";
		};
/* End PBXGroup section */

/* Begin PBXNativeTarget section */
		2B46DFC8260663DB004627B3 /* MyToDo */ = {
			isa = PBXNativeTarget;
			buildConfigurationList = 2B46DFF6260663DF004627B3 /* Build configuration list for PBXNativeTarget "MyToDo" */;
			buildPhases = (
				2B46DFC5260663DB004627B3 /* Sources */,
				2B46DFC6260663DB004627B3 /* Frameworks */,
				2B46DFC7260663DB004627B3 /* Resources */,
			);
			buildRules = (
			);
			dependencies = (
			);
			name = MyToDo;
			productName = MyToDo;
			productReference = 2B46DFC9260663DB004627B3 /* MyToDo.app */;
			productType = "com.apple.product-type.application";
		};
		2B46DFE1260663DF004627B3 /* MyToDoTests */ = {
			isa = PBXNativeTarget;
			buildConfigurationList = 2B46DFF9260663DF004627B3 /* Build configuration list for PBXNativeTarget "MyToDoTests" */;
			buildPhases = (
				2B46DFDE260663DF004627B3 /* Sources */,
				2B46DFDF260663DF004627B3 /* Frameworks */,
				2B46DFE0260663DF004627B3 /* Resources */,
			);
			buildRules = (
			);
			dependencies = (
				2B46DFE4260663DF004627B3 /* PBXTargetDependency */,
			);
			name = MyToDoTests;
			productName = MyToDoTests;
			productReference = 2B46DFE2260663DF004627B3 /* MyToDoTests.xctest */;
			productType = "com.apple.product-type.bundle.unit-test";
		};
		2B46DFEC260663DF004627B3 /* MyToDoUITests */ = {
			isa = PBXNativeTarget;
			buildConfigurationList = 2B46DFFC260663DF004627B3 /* Build configuration list for PBXNativeTarget "MyToDoUITests" */;
			buildPhases = (
				2B46DFE9260663DF004627B3 /* Sources */,
				2B46DFEA260663DF004627B3 /* Frameworks */,
				2B46DFEB260663DF004627B3 /* Resources */,
			);
			buildRules = (
			);
			dependencies = (
				2B46DFEF260663DF004627B3 /* PBXTargetDependency */,
			);
			name = MyToDoUITests;
			productName = MyToDoUITests;
			productReference = 2B46DFED260663DF004627B3 /* MyToDoUITests.xctest */;
			productType = "com.apple.product-type.bundle.ui-testing";
		};
/* End PBXNativeTarget section */

/* Begin PBXProject section */
		2B46DFC1260663DB004627B3 /* Project object */ = {
			isa = PBXProject;
			attributes = {
				LastSwiftUpdateCheck = 1240;
				LastUpgradeCheck = 1240;
				TargetAttributes = {
					2B46DFC8260663DB004627B3 = {
						CreatedOnToolsVersion = 12.4;
					};
					2B46DFE1260663DF004627B3 = {
						CreatedOnToolsVersion = 12.4;
						TestTargetID = 2B46DFC8260663DB004627B3;
					};
					2B46DFEC260663DF004627B3 = {
						CreatedOnToolsVersion = 12.4;
						TestTargetID = 2B46DFC8260663DB004627B3;
					};
				};
			};
			buildConfigurationList = 2B46DFC4260663DB004627B3 /* Build configuration list for PBXProject "MyToDo" */;
			compatibilityVersion = "Xcode 9.3";
			developmentRegion = en;
			hasScannedForEncodings = 0;
			knownRegions = (
				en,
				Base,
			);
			mainGroup = 2B46DFC0260663DB004627B3;
			productRefGroup = 2B46DFCA260663DB004627B3 /* Products */;
			projectDirPath = "";
			projectRoot = "";
			targets = (
				2B46DFC8260663DB004627B3 /* MyToDo */,
				2B46DFE1260663DF004627B3 /* MyToDoTests */,
				2B46DFEC260663DF004627B3 /* MyToDoUITests */,
			);
		};
/* End PBXProject section */

/* Begin PBXResourcesBuildPhase section */
		2B46DFC7260663DB004627B3 /* Resources */ = {
			isa = PBXResourcesBuildPhase;
			buildActionMask = 2147483647;
			files = (
				2B46DFDC260663DE004627B3 /* LaunchScreen.storyboard in Resources */,
				2B46DFD9260663DE004627B3 /* Assets.xcassets in Resources */,
				2B46DFD4260663DB004627B3 /* Main.storyboard in Resources */,
			);
			runOnlyForDeploymentPostprocessing = 0;
		};
		2B46DFE0260663DF004627B3 /* Resources */ = {
			isa = PBXResourcesBuildPhase;
			buildActionMask = 2147483647;
			files = (
			);
			runOnlyForDeploymentPostprocessing = 0;
		};
		2B46DFEB260663DF004627B3 /* Resources */ = {
			isa = PBXResourcesBuildPhase;
			buildActionMask = 2147483647;
			files = (
			);
			runOnlyForDeploymentPostprocessing = 0;
		};
/* End PBXResourcesBuildPhase section */

/* Begin PBXSourcesBuildPhase section */
		2B46DFC5260663DB004627B3 /* Sources */ = {
			isa = PBXSourcesBuildPhase;
			buildActionMask = 2147483647;
			files = (
				2B46DFD1260663DB004627B3 /* ViewController.swift in Sources */,
				2B46DFCD260663DB004627B3 /* AppDelegate.swift in Sources */,
				2B46DFCF260663DB004627B3 /* SceneDelegate.swift in Sources */,
				2B46DFD7260663DB004627B3 /* MyToDo.xcdatamodeld in Sources */,
			);
			runOnlyForDeploymentPostprocessing = 0;
		};
		2B46DFDE260663DF004627B3 /* Sources */ = {
			isa = PBXSourcesBuildPhase;
			buildActionMask = 2147483647;
			files = (
				2B46DFE7260663DF004627B3 /* MyToDoTests.swift in Sources */,
			);
			runOnlyForDeploymentPostprocessing = 0;
		};
		2B46DFE9260663DF004627B3 /* Sources */ = {
			isa = PBXSourcesBuildPhase;
			buildActionMask = 2147483647;
			files = (
				2B46DFF2260663DF004627B3 /* MyToDoUITests.swift in Sources */,
			);
			runOnlyForDeploymentPostprocessing = 0;
		};
/* End PBXSourcesBuildPhase section */

/* Begin PBXTargetDependency section */
		2B46DFE4260663DF004627B3 /* PBXTargetDependency */ = {
			isa = PBXTargetDependency;
			target = 2B46DFC8260663DB004627B3 /* MyToDo */;
			targetProxy = 2B46DFE3260663DF004627B3 /* PBXContainerItemProxy */;
		};
		2B46DFEF260663DF004627B3 /* PBXTargetDependency */ = {
			isa = PBXTargetDependency;
			target = 2B46DFC8260663DB004627B3 /* MyToDo */;
			targetProxy = 2B46DFEE260663DF004627B3 /* PBXContainerItemProxy */;
		};
/* End PBXTargetDependency section */

/* Begin PBXVariantGroup section */
		2B46DFD2260663DB004627B3 /* Main.storyboard */ = {
			isa = PBXVariantGroup;
			children = (
				2B46DFD3260663DB004627B3 /* Base */,
			);
			name = Main.storyboard;
			sourceTree = "<group>";
		};
		2B46DFDA260663DE004627B3 /* LaunchScreen.storyboard */ = {
			isa = PBXVariantGroup;
			children = (
				2B46DFDB260663DE004627B3 /* Base */,
			);
			name = LaunchScreen.storyboard;
			sourceTree = "<group>";
		};
/* End PBXVariantGroup section */

/* Begin XCBuildConfiguration section */
		2B46DFF4260663DF004627B3 /* Debug */ = {
			isa = XCBuildConfiguration;
			buildSettings = {
				ALWAYS_SEARCH_USER_PATHS = NO;
				CLANG_ANALYZER_NONNULL = YES;
				CLANG_ANALYZER_NUMBER_OBJECT_CONVERSION = YES_AGGRESSIVE;
				CLANG_CXX_LANGUAGE_STANDARD = "gnu++14";
				CLANG_CXX_LIBRARY = "libc++";
				CLANG_ENABLE_MODULES = YES;
				CLANG_ENABLE_OBJC_ARC = YES;
				CLANG_ENABLE_OBJC_WEAK = YES;
				CLANG_WARN_BLOCK_CAPTURE_AUTORELEASING = YES;
				CLANG_WARN_BOOL_CONVERSION = YES;
				CLANG_WARN_COMMA = YES;
				CLANG_WARN_CONSTANT_CONVERSION = YES;
				CLANG_WARN_DEPRECATED_OBJC_IMPLEMENTATIONS = YES;
				CLANG_WARN_DIRECT_OBJC_ISA_USAGE = YES_ERROR;
				CLANG_WARN_DOCUMENTATION_COMMENTS = YES;
				CLANG_WARN_EMPTY_BODY = YES;
				CLANG_WARN_ENUM_CONVERSION = YES;
				CLANG_WARN_INFINITE_RECURSION = YES;
				CLANG_WARN_INT_CONVERSION = YES;
				CLANG_WARN_NON_LITERAL_NULL_CONVERSION = YES;
				CLANG_WARN_OBJC_IMPLICIT_RETAIN_SELF = YES;
				CLANG_WARN_OBJC_LITERAL_CONVERSION = YES;
				CLANG_WARN_OBJC_ROOT_CLASS = YES_ERROR;
				CLANG_WARN_QUOTED_INCLUDE_IN_FRAMEWORK_HEADER = YES;
				CLANG_WARN_RANGE_LOOP_ANALYSIS = YES;
				CLANG_WARN_STRICT_PROTOTYPES = YES;
				CLANG_WARN_SUSPICIOUS_MOVE = YES;
				CLANG_WARN_UNGUARDED_AVAILABILITY = YES_AGGRESSIVE;
				CLANG_WARN_UNREACHABLE_CODE = YES;
				CLANG_WARN__DUPLICATE_METHOD_MATCH = YES;
				COPY_PHASE_STRIP = NO;
				DEBUG_INFORMATION_FORMAT = dwarf;
				ENABLE_STRICT_OBJC_MSGSEND = YES;
				ENABLE_TESTABILITY = YES;
				GCC_C_LANGUAGE_STANDARD = gnu11;
				GCC_DYNAMIC_NO_PIC = NO;
				GCC_NO_COMMON_BLOCKS = YES;
				GCC_OPTIMIZATION_LEVEL = 0;
				GCC_PREPROCESSOR_DEFINITIONS = (
					"DEBUG=1",
					"$(inherited)",
				);
				GCC_WARN_64_TO_32_BIT_CONVERSION = YES;
				GCC_WARN_ABOUT_RETURN_TYPE = YES_ERROR;
				GCC_WARN_UNDECLARED_SELECTOR = YES;
				GCC_WARN_UNINITIALIZED_AUTOS = YES_AGGRESSIVE;
				GCC_WARN_UNUSED_FUNCTION = YES;
				GCC_WARN_UNUSED_VARIABLE = YES;
				IPHONEOS_DEPLOYMENT_TARGET = 14.4;
				MTL_ENABLE_DEBUG_INFO = INCLUDE_SOURCE;
				MTL_FAST_MATH = YES;
				ONLY_ACTIVE_ARCH = YES;
				SDKROOT = iphoneos;
				SWIFT_ACTIVE_COMPILATION_CONDITIONS = DEBUG;
				SWIFT_OPTIMIZATION_LEVEL = "-Onone";
			};
			name = Debug;
		};
		2B46DFF5260663DF004627B3 /* Release */ = {
			isa = XCBuildConfiguration;
			buildSettings = {
				ALWAYS_SEARCH_USER_PATHS = NO;
				CLANG_ANALYZER_NONNULL = YES;
				CLANG_ANALYZER_NUMBER_OBJECT_CONVERSION = YES_AGGRESSIVE;
				CLANG_CXX_LANGUAGE_STANDARD = "gnu++14";
				CLANG_CXX_LIBRARY = "libc++";
				CLANG_ENABLE_MODULES = YES;
				CLANG_ENABLE_OBJC_ARC = YES;
				CLANG_ENABLE_OBJC_WEAK = YES;
				CLANG_WARN_BLOCK_CAPTURE_AUTORELEASING = YES;
				CLANG_WARN_BOOL_CONVERSION = YES;
				CLANG_WARN_COMMA = YES;
				CLANG_WARN_CONSTANT_CONVERSION = YES;
				CLANG_WARN_DEPRECATED_OBJC_IMPLEMENTATIONS = YES;
				CLANG_WARN_DIRECT_OBJC_ISA_USAGE = YES_ERROR;
				CLANG_WARN_DOCUMENTATION_COMMENTS = YES;
				CLANG_WARN_EMPTY_BODY = YES;
				CLANG_WARN_ENUM_CONVERSION = YES;
				CLANG_WARN_INFINITE_RECURSION = YES;
				CLANG_WARN_INT_CONVERSION = YES;
				CLANG_WARN_NON_LITERAL_NULL_CONVERSION = YES;
				CLANG_WARN_OBJC_IMPLICIT_RETAIN_SELF = YES;
				CLANG_WARN_OBJC_LITERAL_CONVERSION = YES;
				CLANG_WARN_OBJC_ROOT_CLASS = YES_ERROR;
				CLANG_WARN_QUOTED_INCLUDE_IN_FRAMEWORK_HEADER = YES;
				CLANG_WARN_RANGE_LOOP_ANALYSIS = YES;
				CLANG_WARN_STRICT_PROTOTYPES = YES;
				CLANG_WARN_SUSPICIOUS_MOVE = YES;
				CLANG_WARN_UNGUARDED_AVAILABILITY = YES_AGGRESSIVE;
				CLANG_WARN_UNREACHABLE_CODE = YES;
				CLANG_WARN__DUPLICATE_METHOD_MATCH = YES;
				COPY_PHASE_STRIP = NO;
				DEBUG_INFORMATION_FORMAT = "dwarf-with-dsym";
				ENABLE_NS_ASSERTIONS = NO;
				ENABLE_STRICT_OBJC_MSGSEND = YES;
				GCC_C_LANGUAGE_STANDARD = gnu11;
				GCC_NO_COMMON_BLOCKS = YES;
				GCC_WARN_64_TO_32_BIT_CONVERSION = YES;
				GCC_WARN_ABOUT_RETURN_TYPE = YES_ERROR;
				GCC_WARN_UNDECLARED_SELECTOR = YES;
				GCC_WARN_UNINITIALIZED_AUTOS = YES_AGGRESSIVE;
				GCC_WARN_UNUSED_FUNCTION = YES;
				GCC_WARN_UNUSED_VARIABLE = YES;
				IPHONEOS_DEPLOYMENT_TARGET = 14.4;
				MTL_ENABLE_DEBUG_INFO = NO;
				MTL_FAST_MATH = YES;
				SDKROOT = iphoneos;
				SWIFT_COMPILATION_MODE = wholemodule;
				SWIFT_OPTIMIZATION_LEVEL = "-O";
				VALIDATE_PRODUCT = YES;
			};
			name = Release;
		};
		2B46DFF7260663DF004627B3 /* Debug */ = {
			isa = XCBuildConfiguration;
			buildSettings = {
				ASSETCATALOG_COMPILER_APPICON_NAME = AppIcon;
				ASSETCATALOG_COMPILER_GLOBAL_ACCENT_COLOR_NAME = AccentColor;
				CODE_SIGN_STYLE = Automatic;
				DEVELOPMENT_TEAM = PTMH37ZRSY;
				INFOPLIST_FILE = MyToDo/Info.plist;
				LD_RUNPATH_SEARCH_PATHS = (
					"$(inherited)",
					"@executable_path/Frameworks",
				);
				PRODUCT_BUNDLE_IDENTIFIER = local.MyToDo;
				PRODUCT_NAME = "$(TARGET_NAME)";
				SWIFT_VERSION = 5.0;
				TARGETED_DEVICE_FAMILY = "1,2";
			};
			name = Debug;
		};
		2B46DFF8260663DF004627B3 /* Release */ = {
			isa = XCBuildConfiguration;
			buildSettings = {
				ASSETCATALOG_COMPILER_APPICON_NAME = AppIcon;
				ASSETCATALOG_COMPILER_GLOBAL_ACCENT_COLOR_NAME = AccentColor;
				CODE_SIGN_STYLE = Automatic;
				DEVELOPMENT_TEAM = PTMH37ZRSY;
				INFOPLIST_FILE = MyToDo/Info.plist;
				LD_RUNPATH_SEARCH_PATHS = (
					"$(inherited)",
					"@executable_path/Frameworks",
				);
				PRODUCT_BUNDLE_IDENTIFIER = local.MyToDo;
				PRODUCT_NAME = "$(TARGET_NAME)";
				SWIFT_VERSION = 5.0;
				TARGETED_DEVICE_FAMILY = "1,2";
			};
			name = Release;
		};
		2B46DFFA260663DF004627B3 /* Debug */ = {
			isa = XCBuildConfiguration;
			buildSettings = {
				ALWAYS_EMBED_SWIFT_STANDARD_LIBRARIES = YES;
				BUNDLE_LOADER = "$(TEST_HOST)";
				CODE_SIGN_STYLE = Automatic;
				DEVELOPMENT_TEAM = PTMH37ZRSY;
				INFOPLIST_FILE = MyToDoTests/Info.plist;
				IPHONEOS_DEPLOYMENT_TARGET = 14.4;
				LD_RUNPATH_SEARCH_PATHS = (
					"$(inherited)",
					"@executable_path/Frameworks",
					"@loader_path/Frameworks",
				);
				PRODUCT_BUNDLE_IDENTIFIER = local.MyToDoTests;
				PRODUCT_NAME = "$(TARGET_NAME)";
				SWIFT_VERSION = 5.0;
				TARGETED_DEVICE_FAMILY = "1,2";
				TEST_HOST = "$(BUILT_PRODUCTS_DIR)/MyToDo.app/MyToDo";
			};
			name = Debug;
		};
		2B46DFFB260663DF004627B3 /* Release */ = {
			isa = XCBuildConfiguration;
			buildSettings = {
				ALWAYS_EMBED_SWIFT_STANDARD_LIBRARIES = YES;
				BUNDLE_LOADER = "$(TEST_HOST)";
				CODE_SIGN_STYLE = Automatic;
				DEVELOPMENT_TEAM = PTMH37ZRSY;
				INFOPLIST_FILE = MyToDoTests/Info.plist;
				IPHONEOS_DEPLOYMENT_TARGET = 14.4;
				LD_RUNPATH_SEARCH_PATHS = (
					"$(inherited)",
					"@executable_path/Frameworks",
					"@loader_path/Frameworks",
				);
				PRODUCT_BUNDLE_IDENTIFIER = local.MyToDoTests;
				PRODUCT_NAME = "$(TARGET_NAME)";
				SWIFT_VERSION = 5.0;
				TARGETED_DEVICE_FAMILY = "1,2";
				TEST_HOST = "$(BUILT_PRODUCTS_DIR)/MyToDo.app/MyToDo";
			};
			name = Release;
		};
		2B46DFFD260663DF004627B3 /* Debug */ = {
			isa = XCBuildConfiguration;
			buildSettings = {
				ALWAYS_EMBED_SWIFT_STANDARD_LIBRARIES = YES;
				CODE_SIGN_STYLE = Automatic;
				DEVELOPMENT_TEAM = PTMH37ZRSY;
				INFOPLIST_FILE = MyToDoUITests/Info.plist;
				LD_RUNPATH_SEARCH_PATHS = (
					"$(inherited)",
					"@executable_path/Frameworks",
					"@loader_path/Frameworks",
				);
				PRODUCT_BUNDLE_IDENTIFIER = local.MyToDoUITests;
				PRODUCT_NAME = "$(TARGET_NAME)";
				SWIFT_VERSION = 5.0;
				TARGETED_DEVICE_FAMILY = "1,2";
				TEST_TARGET_NAME = MyToDo;
			};
			name = Debug;
		};
		2B46DFFE260663DF004627B3 /* Release */ = {
			isa = XCBuildConfiguration;
			buildSettings = {
				ALWAYS_EMBED_SWIFT_STANDARD_LIBRARIES = YES;
				CODE_SIGN_STYLE = Automatic;
				DEVELOPMENT_TEAM = PTMH37ZRSY;
				INFOPLIST_FILE = MyToDoUITests/Info.plist;
				LD_RUNPATH_SEARCH_PATHS = (
					"$(inherited)",
					"@executable_path/Frameworks",
					"@loader_path/Frameworks",
				);
				PRODUCT_BUNDLE_IDENTIFIER = local.MyToDoUITests;
				PRODUCT_NAME = "$(TARGET_NAME)";
				SWIFT_VERSION = 5.0;
				TARGETED_DEVICE_FAMILY = "1,2";
				TEST_TARGET_NAME = MyToDo;
			};
			name = Release;
		};
/* End XCBuildConfiguration section */

/* Begin XCConfigurationList section */
		2B46DFC4260663DB004627B3 /* Build configuration list for PBXProject "MyToDo" */ = {
			isa = XCConfigurationList;
			buildConfigurations = (
				2B46DFF4260663DF004627B3 /* Debug */,
				2B46DFF5260663DF004627B3 /* Release */,
			);
			defaultConfigurationIsVisible = 0;
			defaultConfigurationName = Release;
		};
		2B46DFF6260663DF004627B3 /* Build configuration list for PBXNativeTarget "MyToDo" */ = {
			isa = XCConfigurationList;
			buildConfigurations = (
				2B46DFF7260663DF004627B3 /* Debug */,
				2B46DFF8260663DF004627B3 /* Release */,
			);
			defaultConfigurationIsVisible = 0;
			defaultConfigurationName = Release;
		};
		2B46DFF9260663DF004627B3 /* Build configuration list for PBXNativeTarget "MyToDoTests" */ = {
			isa = XCConfigurationList;
			buildConfigurations = (
				2B46DFFA260663DF004627B3 /* Debug */,
				2B46DFFB260663DF004627B3 /* Release */,
			);
			defaultConfigurationIsVisible = 0;
			defaultConfigurationName = Release;
		};
		2B46DFFC260663DF004627B3 /* Build configuration list for PBXNativeTarget "MyToDoUITests" */ = {
			isa = XCConfigurationList;
			buildConfigurations = (
				2B46DFFD260663DF004627B3 /* Debug */,
				2B46DFFE260663DF004627B3 /* Release */,
			);
			defaultConfigurationIsVisible = 0;
			defaultConfigurationName = Release;
		};
/* End XCConfigurationList section */

/* Begin XCVersionGroup section */
		2B46DFD5260663DB004627B3 /* MyToDo.xcdatamodeld */ = {
			isa = XCVersionGroup;
			children = (
				2B46DFD6260663DB004627B3 /* MyToDo.xcdatamodel */,
			);
			currentVersion = 2B46DFD6260663DB004627B3 /* MyToDo.xcdatamodel */;
			path = MyToDo.xcdatamodeld;
			sourceTree = "<group>";
			versionGroupType = wrapper.xcdatamodel;
		};
/* End XCVersionGroup section */
	};
	rootObject = 2B46DFC1260663DB004627B3 /* Project object */;
}
